
Microsoft Visual Studio Solution File, Format Version 12.00
# Visual Studio Version 17
VisualStudioVersion = 17.10.35027.167
MinimumVisualStudioVersion = 10.0.40219.1
Project("{2150E333-8FDC-42A3-9474-1A3956D46DE8}") = "Src", "Src", "{0BED75F3-4672-4630-898A-26F8069C071B}"
EndProject
Project("{2150E333-8FDC-42A3-9474-1A3956D46DE8}") = "Services", "Services", "{85B44430-B352-4ACC-B575-19F9D0D234CA}"
EndProject
Project("{2150E333-8FDC-42A3-9474-1A3956D46DE8}") = "MasterService", "MasterService", "{C6B58452-E4CD-4C9E-8B19-22CEBD0A5A29}"
EndProject
Project("{9A19103F-16F7-4668-BE54-9A1E7A4F7556}") = "Master.Data", "Src\Services\MasterService\Master.Data\Master.Data.csproj", "{45DFF06E-9A84-4C47-A122-DEC6D21E45ED}"
EndProject
Project("{9A19103F-16F7-4668-BE54-9A1E7A4F7556}") = "Master.Dto", "Src\Services\MasterService\Master.Dto\Master.Dto.csproj", "{052468B8-54A9-4F91-B3E5-6FA91C09B4ED}"
EndProject
Project("{9A19103F-16F7-4668-BE54-9A1E7A4F7556}") = "Master.Repository", "Src\Services\MasterService\Master.Repository\Master.Repository.csproj", "{13CE229C-231A-49FD-A672-3EA3328415E9}"
EndProject
Project("{9A19103F-16F7-4668-BE54-9A1E7A4F7556}") = "Master.ServiceBus", "Src\Services\MasterService\Master.ServiceBus\Master.ServiceBus.csproj", "{5928900D-D77B-4FC0-9E69-655737634AD0}"
EndProject
Project("{9A19103F-16F7-4668-BE54-9A1E7A4F7556}") = "Master.Service", "Src\Services\MasterService\Master.Service\Master.Service.csproj", "{8CD47E27-5510-4C58-9E65-5D3382088348}"
EndProject
Project("{2150E333-8FDC-42A3-9474-1A3956D46DE8}") = "SharedLibrary", "SharedLibrary", "{52D5C8EC-28EB-4D67-8D87-937670D566C9}"
EndProject
Project("{9A19103F-16F7-4668-BE54-9A1E7A4F7556}") = "Common.Dapper", "Src\SharedLibrary\Common.Dapper\Common.Dapper.csproj", "{C83F2C93-2815-47AE-87EC-4AA770D8B35B}"
EndProject
Project("{9A19103F-16F7-4668-BE54-9A1E7A4F7556}") = "Core", "Src\SharedLibrary\Core\Core.csproj", "{E5CB58F2-55A1-472E-B527-F4F613CC9358}"
EndProject
Project("{2150E333-8FDC-42A3-9474-1A3956D46DE8}") = "ApiGateway", "ApiGateway", "{E5BF07DC-D8DB-4889-9B0F-0A7D6E66A5E9}"
EndProject
Project("{9A19103F-16F7-4668-BE54-9A1E7A4F7556}") = "ApiGateway.Web", "Src\ApiGateway\ApiGateway.Web\ApiGateway.Web.csproj", "{A0D2D3C6-EDFC-4ECB-BE02-886729F6ADCF}"
EndProject
Project("{9A19103F-16F7-4668-BE54-9A1E7A4F7556}") = "Core.Insfrastructure", "Src\SharedLibrary\Core.Insfrastructure\Core.Insfrastructure.csproj", "{5F6819E8-BCA7-4ED2-A64E-8C0A35AEDE2B}"
EndProject
Project("{9A19103F-16F7-4668-BE54-9A1E7A4F7556}") = "YarpApiGateway", "Src\ApiGateway\YarpApiGateway\YarpApiGateway.csproj", "{8C107C86-F03C-4457-B996-7E2418282DC8}"
EndProject
Project("{2150E333-8FDC-42A3-9474-1A3956D46DE8}") = "ECourtServices", "ECourtServices", "{1998A25D-0280-4C54-8DF0-71CBA8AE2542}"
EndProject
Project("{9A19103F-16F7-4668-BE54-9A1E7A4F7556}") = "EcourtService", "Src\Services\EcourtServices\EcourtService\EcourtService.csproj", "{6FBE6815-F45D-40A0-B06B-4EBD02734958}"
EndProject
Project("{9A19103F-16F7-4668-BE54-9A1E7A4F7556}") = "EcourtServiceBus", "Src\Services\EcourtServices\EcourtServiceBus\EcourtServiceBus.csproj", "{E2BE9E7B-DD20-460D-A590-193BE39E4B59}"
EndProject
Project("{9A19103F-16F7-4668-BE54-9A1E7A4F7556}") = "EcourtDto", "Src\Services\EcourtServices\EcourtDto\EcourtDto.csproj", "{C9362784-A7F6-4906-9A6D-2EB478D38890}"
EndProject
Project("{2150E333-8FDC-42A3-9474-1A3956D46DE8}") = "Auth", "Auth", "{7C8076D0-CCD7-4962-8903-6162BF562D04}"
EndProject
Project("{9A19103F-16F7-4668-BE54-9A1E7A4F7556}") = "Admin.Service", "Src\Services\Auth\Admin.Service\Admin.Service.csproj", "{B2249FEF-20FF-4E0F-AEC1-6A6A5868D2C2}"
EndProject
Project("{9A19103F-16F7-4668-BE54-9A1E7A4F7556}") = "Authentication.Service", "Src\Services\Auth\Authentication.Service\Authentication.Service.csproj", "{F6357449-D17D-4639-9BBF-85F8DC617E3D}"
EndProject
Project("{9A19103F-16F7-4668-BE54-9A1E7A4F7556}") = "JwtAuthenticationManager", "Src\Services\Auth\JwtAuthenticationManager\JwtAuthenticationManager.csproj", "{C633DC2A-1A15-431F-84F0-8775431FE7DF}"
EndProject
Project("{9A19103F-16F7-4668-BE54-9A1E7A4F7556}") = "Authentication.Dto", "Src\Services\Auth\Authentication.Dto\Authentication.Dto.csproj", "{F1E2804D-CDD7-4607-9DC7-B6E83F42DD4D}"
EndProject
Project("{9A19103F-16F7-4668-BE54-9A1E7A4F7556}") = "Authentication.Repository", "Src\Services\Auth\Authentication.Repository\Authentication.Repository.csproj", "{8B690452-9F9B-4079-A740-84A3FF15D4E5}"
EndProject
Project("{9A19103F-16F7-4668-BE54-9A1E7A4F7556}") = "Authentication.ServiceBus", "Src\Services\Auth\Authentication.ServiceBus\Authentication.ServiceBus.csproj", "{5D8D0E03-ECA7-4D55-8BB9-36716284AC08}"
EndProject
Project("{9A19103F-16F7-4668-BE54-9A1E7A4F7556}") = "Common.Repository", "Common.Repository\Common.Repository.csproj", "{2D4BFF2B-2968-496C-A8D4-DC93CEE6FA64}"
EndProject
Project("{FAE04EC0-301F-11D3-BF4B-00C04F79EFBC}") = "PcmsApi.Gateway", "Src\ApiGateway\PcmsApi.Gateway\PcmsApi.Gateway.csproj", "{4D079603-C76E-11F4-F2D6-9A2214565991}"
EndProject
Project("{2150E333-8FDC-42A3-9474-1A3956D46DE8}") = "CaseService", "CaseService", "{02EA681E-C7D8-13C7-8484-4AC65E1B71E8}"
EndProject
Project("{FAE04EC0-301F-11D3-BF4B-00C04F79EFBC}") = "Case.Dto", "Src\Services\CaseService\Case.Dto\Case.Dto.csproj", "{DBD5B2CD-A5FF-A67D-C08A-B410D9103E16}"
EndProject
Project("{FAE04EC0-301F-11D3-BF4B-00C04F79EFBC}") = "Case.Repository", "Src\Services\CaseService\Case.Repository\Case.Repository.csproj", "{EFB8BF8D-DAA3-0E62-A557-4F0483FFC18B}"
EndProject
Project("{FAE04EC0-301F-11D3-BF4B-00C04F79EFBC}") = "Case.ServiceBus", "Src\Services\CaseService\Case.ServiceBus\Case.ServiceBus.csproj", "{D03DDC77-98C8-6C64-5564-1BAE49B0BBEB}"
EndProject
Project("{FAE04EC0-301F-11D3-BF4B-00C04F79EFBC}") = "CaseService", "Src\Services\CaseService\CaseService\CaseService.csproj", "{0079B2EF-B6AA-84E8-37A7-0A73F9650688}"
EndProject
Global
	GlobalSection(SolutionConfigurationPlatforms) = preSolution
		Debug|Any CPU = Debug|Any CPU
		Release|Any CPU = Release|Any CPU
	EndGlobalSection
	GlobalSection(ProjectConfigurationPlatforms) = postSolution
		{45DFF06E-9A84-4C47-A122-DEC6D21E45ED}.Debug|Any CPU.ActiveCfg = Debug|Any CPU
		{45DFF06E-9A84-4C47-A122-DEC6D21E45ED}.Debug|Any CPU.Build.0 = Debug|Any CPU
		{45DFF06E-9A84-4C47-A122-DEC6D21E45ED}.Release|Any CPU.ActiveCfg = Release|Any CPU
		{45DFF06E-9A84-4C47-A122-DEC6D21E45ED}.Release|Any CPU.Build.0 = Release|Any CPU
		{052468B8-54A9-4F91-B3E5-6FA91C09B4ED}.Debug|Any CPU.ActiveCfg = Debug|Any CPU
		{052468B8-54A9-4F91-B3E5-6FA91C09B4ED}.Debug|Any CPU.Build.0 = Debug|Any CPU
		{052468B8-54A9-4F91-B3E5-6FA91C09B4ED}.Release|Any CPU.ActiveCfg = Release|Any CPU
		{052468B8-54A9-4F91-B3E5-6FA91C09B4ED}.Release|Any CPU.Build.0 = Release|Any CPU
		{13CE229C-231A-49FD-A672-3EA3328415E9}.Debug|Any CPU.ActiveCfg = Debug|Any CPU
		{13CE229C-231A-49FD-A672-3EA3328415E9}.Debug|Any CPU.Build.0 = Debug|Any CPU
		{13CE229C-231A-49FD-A672-3EA3328415E9}.Release|Any CPU.ActiveCfg = Release|Any CPU
		{13CE229C-231A-49FD-A672-3EA3328415E9}.Release|Any CPU.Build.0 = Release|Any CPU
		{5928900D-D77B-4FC0-9E69-655737634AD0}.Debug|Any CPU.ActiveCfg = Debug|Any CPU
		{5928900D-D77B-4FC0-9E69-655737634AD0}.Debug|Any CPU.Build.0 = Debug|Any CPU
		{5928900D-D77B-4FC0-9E69-655737634AD0}.Release|Any CPU.ActiveCfg = Release|Any CPU
		{5928900D-D77B-4FC0-9E69-655737634AD0}.Release|Any CPU.Build.0 = Release|Any CPU
		{8CD47E27-5510-4C58-9E65-5D3382088348}.Debug|Any CPU.ActiveCfg = Debug|Any CPU
		{8CD47E27-5510-4C58-9E65-5D3382088348}.Debug|Any CPU.Build.0 = Debug|Any CPU
		{8CD47E27-5510-4C58-9E65-5D3382088348}.Release|Any CPU.ActiveCfg = Release|Any CPU
		{8CD47E27-5510-4C58-9E65-5D3382088348}.Release|Any CPU.Build.0 = Release|Any CPU
		{C83F2C93-2815-47AE-87EC-4AA770D8B35B}.Debug|Any CPU.ActiveCfg = Debug|Any CPU
		{C83F2C93-2815-47AE-87EC-4AA770D8B35B}.Debug|Any CPU.Build.0 = Debug|Any CPU
		{C83F2C93-2815-47AE-87EC-4AA770D8B35B}.Release|Any CPU.ActiveCfg = Release|Any CPU
		{C83F2C93-2815-47AE-87EC-4AA770D8B35B}.Release|Any CPU.Build.0 = Release|Any CPU
		{E5CB58F2-55A1-472E-B527-F4F613CC9358}.Debug|Any CPU.ActiveCfg = Debug|Any CPU
		{E5CB58F2-55A1-472E-B527-F4F613CC9358}.Debug|Any CPU.Build.0 = Debug|Any CPU
		{E5CB58F2-55A1-472E-B527-F4F613CC9358}.Release|Any CPU.ActiveCfg = Release|Any CPU
		{E5CB58F2-55A1-472E-B527-F4F613CC9358}.Release|Any CPU.Build.0 = Release|Any CPU
		{A0D2D3C6-EDFC-4ECB-BE02-886729F6ADCF}.Debug|Any CPU.ActiveCfg = Debug|Any CPU
		{A0D2D3C6-EDFC-4ECB-BE02-886729F6ADCF}.Debug|Any CPU.Build.0 = Debug|Any CPU
		{A0D2D3C6-EDFC-4ECB-BE02-886729F6ADCF}.Release|Any CPU.ActiveCfg = Release|Any CPU
		{A0D2D3C6-EDFC-4ECB-BE02-886729F6ADCF}.Release|Any CPU.Build.0 = Release|Any CPU
		{5F6819E8-BCA7-4ED2-A64E-8C0A35AEDE2B}.Debug|Any CPU.ActiveCfg = Debug|Any CPU
		{5F6819E8-BCA7-4ED2-A64E-8C0A35AEDE2B}.Debug|Any CPU.Build.0 = Debug|Any CPU
		{5F6819E8-BCA7-4ED2-A64E-8C0A35AEDE2B}.Release|Any CPU.ActiveCfg = Release|Any CPU
		{5F6819E8-BCA7-4ED2-A64E-8C0A35AEDE2B}.Release|Any CPU.Build.0 = Release|Any CPU
		{8C107C86-F03C-4457-B996-7E2418282DC8}.Debug|Any CPU.ActiveCfg = Debug|Any CPU
		{8C107C86-F03C-4457-B996-7E2418282DC8}.Debug|Any CPU.Build.0 = Debug|Any CPU
		{8C107C86-F03C-4457-B996-7E2418282DC8}.Release|Any CPU.ActiveCfg = Release|Any CPU
		{8C107C86-F03C-4457-B996-7E2418282DC8}.Release|Any CPU.Build.0 = Release|Any CPU
		{6FBE6815-F45D-40A0-B06B-4EBD02734958}.Debug|Any CPU.ActiveCfg = Debug|Any CPU
		{6FBE6815-F45D-40A0-B06B-4EBD02734958}.Debug|Any CPU.Build.0 = Debug|Any CPU
		{6FBE6815-F45D-40A0-B06B-4EBD02734958}.Release|Any CPU.ActiveCfg = Release|Any CPU
		{6FBE6815-F45D-40A0-B06B-4EBD02734958}.Release|Any CPU.Build.0 = Release|Any CPU
		{E2BE9E7B-DD20-460D-A590-193BE39E4B59}.Debug|Any CPU.ActiveCfg = Debug|Any CPU
		{E2BE9E7B-DD20-460D-A590-193BE39E4B59}.Debug|Any CPU.Build.0 = Debug|Any CPU
		{E2BE9E7B-DD20-460D-A590-193BE39E4B59}.Release|Any CPU.ActiveCfg = Release|Any CPU
		{E2BE9E7B-DD20-460D-A590-193BE39E4B59}.Release|Any CPU.Build.0 = Release|Any CPU
		{C9362784-A7F6-4906-9A6D-2EB478D38890}.Debug|Any CPU.ActiveCfg = Debug|Any CPU
		{C9362784-A7F6-4906-9A6D-2EB478D38890}.Debug|Any CPU.Build.0 = Debug|Any CPU
		{C9362784-A7F6-4906-9A6D-2EB478D38890}.Release|Any CPU.ActiveCfg = Release|Any CPU
		{C9362784-A7F6-4906-9A6D-2EB478D38890}.Release|Any CPU.Build.0 = Release|Any CPU
		{B2249FEF-20FF-4E0F-AEC1-6A6A5868D2C2}.Debug|Any CPU.ActiveCfg = Debug|Any CPU
		{B2249FEF-20FF-4E0F-AEC1-6A6A5868D2C2}.Debug|Any CPU.Build.0 = Debug|Any CPU
		{B2249FEF-20FF-4E0F-AEC1-6A6A5868D2C2}.Release|Any CPU.ActiveCfg = Release|Any CPU
		{B2249FEF-20FF-4E0F-AEC1-6A6A5868D2C2}.Release|Any CPU.Build.0 = Release|Any CPU
		{F6357449-D17D-4639-9BBF-85F8DC617E3D}.Debug|Any CPU.ActiveCfg = Debug|Any CPU
		{F6357449-D17D-4639-9BBF-85F8DC617E3D}.Debug|Any CPU.Build.0 = Debug|Any CPU
		{F6357449-D17D-4639-9BBF-85F8DC617E3D}.Release|Any CPU.ActiveCfg = Release|Any CPU
		{F6357449-D17D-4639-9BBF-85F8DC617E3D}.Release|Any CPU.Build.0 = Release|Any CPU
		{C633DC2A-1A15-431F-84F0-8775431FE7DF}.Debug|Any CPU.ActiveCfg = Debug|Any CPU
		{C633DC2A-1A15-431F-84F0-8775431FE7DF}.Debug|Any CPU.Build.0 = Debug|Any CPU
		{C633DC2A-1A15-431F-84F0-8775431FE7DF}.Release|Any CPU.ActiveCfg = Release|Any CPU
		{C633DC2A-1A15-431F-84F0-8775431FE7DF}.Release|Any CPU.Build.0 = Release|Any CPU
		{F1E2804D-CDD7-4607-9DC7-B6E83F42DD4D}.Debug|Any CPU.ActiveCfg = Debug|Any CPU
		{F1E2804D-CDD7-4607-9DC7-B6E83F42DD4D}.Debug|Any CPU.Build.0 = Debug|Any CPU
		{F1E2804D-CDD7-4607-9DC7-B6E83F42DD4D}.Release|Any CPU.ActiveCfg = Release|Any CPU
		{F1E2804D-CDD7-4607-9DC7-B6E83F42DD4D}.Release|Any CPU.Build.0 = Release|Any CPU
		{8B690452-9F9B-4079-A740-84A3FF15D4E5}.Debug|Any CPU.ActiveCfg = Debug|Any CPU
		{8B690452-9F9B-4079-A740-84A3FF15D4E5}.Debug|Any CPU.Build.0 = Debug|Any CPU
		{8B690452-9F9B-4079-A740-84A3FF15D4E5}.Release|Any CPU.ActiveCfg = Release|Any CPU
		{8B690452-9F9B-4079-A740-84A3FF15D4E5}.Release|Any CPU.Build.0 = Release|Any CPU
		{5D8D0E03-ECA7-4D55-8BB9-36716284AC08}.Debug|Any CPU.ActiveCfg = Debug|Any CPU
		{5D8D0E03-ECA7-4D55-8BB9-36716284AC08}.Debug|Any CPU.Build.0 = Debug|Any CPU
		{5D8D0E03-ECA7-4D55-8BB9-36716284AC08}.Release|Any CPU.ActiveCfg = Release|Any CPU
		{5D8D0E03-ECA7-4D55-8BB9-36716284AC08}.Release|Any CPU.Build.0 = Release|Any CPU
		{2D4BFF2B-2968-496C-A8D4-DC93CEE6FA64}.Debug|Any CPU.ActiveCfg = Debug|Any CPU
		{2D4BFF2B-2968-496C-A8D4-DC93CEE6FA64}.Debug|Any CPU.Build.0 = Debug|Any CPU
		{2D4BFF2B-2968-496C-A8D4-DC93CEE6FA64}.Release|Any CPU.ActiveCfg = Release|Any CPU
		{2D4BFF2B-2968-496C-A8D4-DC93CEE6FA64}.Release|Any CPU.Build.0 = Release|Any CPU
		{4D079603-C76E-11F4-F2D6-9A2214565991}.Debug|Any CPU.ActiveCfg = Debug|Any CPU
		{4D079603-C76E-11F4-F2D6-9A2214565991}.Debug|Any CPU.Build.0 = Debug|Any CPU
		{4D079603-C76E-11F4-F2D6-9A2214565991}.Release|Any CPU.ActiveCfg = Release|Any CPU
		{4D079603-C76E-11F4-F2D6-9A2214565991}.Release|Any CPU.Build.0 = Release|Any CPU
		{DBD5B2CD-A5FF-A67D-C08A-B410D9103E16}.Debug|Any CPU.ActiveCfg = Debug|Any CPU
		{DBD5B2CD-A5FF-A67D-C08A-B410D9103E16}.Debug|Any CPU.Build.0 = Debug|Any CPU
		{DBD5B2CD-A5FF-A67D-C08A-B410D9103E16}.Release|Any CPU.ActiveCfg = Release|Any CPU
		{DBD5B2CD-A5FF-A67D-C08A-B410D9103E16}.Release|Any CPU.Build.0 = Release|Any CPU
		{EFB8BF8D-DAA3-0E62-A557-4F0483FFC18B}.Debug|Any CPU.ActiveCfg = Debug|Any CPU
		{EFB8BF8D-DAA3-0E62-A557-4F0483FFC18B}.Debug|Any CPU.Build.0 = Debug|Any CPU
		{EFB8BF8D-DAA3-0E62-A557-4F0483FFC18B}.Release|Any CPU.ActiveCfg = Release|Any CPU
		{EFB8BF8D-DAA3-0E62-A557-4F0483FFC18B}.Release|Any CPU.Build.0 = Release|Any CPU
		{D03DDC77-98C8-6C64-5564-1BAE49B0BBEB}.Debug|Any CPU.ActiveCfg = Debug|Any CPU
		{D03DDC77-98C8-6C64-5564-1BAE49B0BBEB}.Debug|Any CPU.Build.0 = Debug|Any CPU
		{D03DDC77-98C8-6C64-5564-1BAE49B0BBEB}.Release|Any CPU.ActiveCfg = Release|Any CPU
		{D03DDC77-98C8-6C64-5564-1BAE49B0BBEB}.Release|Any CPU.Build.0 = Release|Any CPU
		{0079B2EF-B6AA-84E8-37A7-0A73F9650688}.Debug|Any CPU.ActiveCfg = Debug|Any CPU
		{0079B2EF-B6AA-84E8-37A7-0A73F9650688}.Debug|Any CPU.Build.0 = Debug|Any CPU
		{0079B2EF-B6AA-84E8-37A7-0A73F9650688}.Release|Any CPU.ActiveCfg = Release|Any CPU
		{0079B2EF-B6AA-84E8-37A7-0A73F9650688}.Release|Any CPU.Build.0 = Release|Any CPU
	EndGlobalSection
	GlobalSection(SolutionProperties) = preSolution
		HideSolutionNode = FALSE
	EndGlobalSection
	GlobalSection(NestedProjects) = preSolution
		{85B44430-B352-4ACC-B575-19F9D0D234CA} = {0BED75F3-4672-4630-898A-26F8069C071B}
		{C6B58452-E4CD-4C9E-8B19-22CEBD0A5A29} = {85B44430-B352-4ACC-B575-19F9D0D234CA}
		{45DFF06E-9A84-4C47-A122-DEC6D21E45ED} = {C6B58452-E4CD-4C9E-8B19-22CEBD0A5A29}
		{052468B8-54A9-4F91-B3E5-6FA91C09B4ED} = {C6B58452-E4CD-4C9E-8B19-22CEBD0A5A29}
		{13CE229C-231A-49FD-A672-3EA3328415E9} = {C6B58452-E4CD-4C9E-8B19-22CEBD0A5A29}
		{5928900D-D77B-4FC0-9E69-655737634AD0} = {C6B58452-E4CD-4C9E-8B19-22CEBD0A5A29}
		{8CD47E27-5510-4C58-9E65-5D3382088348} = {C6B58452-E4CD-4C9E-8B19-22CEBD0A5A29}
		{52D5C8EC-28EB-4D67-8D87-937670D566C9} = {0BED75F3-4672-4630-898A-26F8069C071B}
		{C83F2C93-2815-47AE-87EC-4AA770D8B35B} = {52D5C8EC-28EB-4D67-8D87-937670D566C9}
		{E5CB58F2-55A1-472E-B527-F4F613CC9358} = {52D5C8EC-28EB-4D67-8D87-937670D566C9}
		{E5BF07DC-D8DB-4889-9B0F-0A7D6E66A5E9} = {0BED75F3-4672-4630-898A-26F8069C071B}
		{A0D2D3C6-EDFC-4ECB-BE02-886729F6ADCF} = {E5BF07DC-D8DB-4889-9B0F-0A7D6E66A5E9}
		{5F6819E8-BCA7-4ED2-A64E-8C0A35AEDE2B} = {52D5C8EC-28EB-4D67-8D87-937670D566C9}
		{8C107C86-F03C-4457-B996-7E2418282DC8} = {85B44430-B352-4ACC-B575-19F9D0D234CA}
		{1998A25D-0280-4C54-8DF0-71CBA8AE2542} = {85B44430-B352-4ACC-B575-19F9D0D234CA}
		{6FBE6815-F45D-40A0-B06B-4EBD02734958} = {1998A25D-0280-4C54-8DF0-71CBA8AE2542}
		{E2BE9E7B-DD20-460D-A590-193BE39E4B59} = {1998A25D-0280-4C54-8DF0-71CBA8AE2542}
		{C9362784-A7F6-4906-9A6D-2EB478D38890} = {1998A25D-0280-4C54-8DF0-71CBA8AE2542}
		{7C8076D0-CCD7-4962-8903-6162BF562D04} = {85B44430-B352-4ACC-B575-19F9D0D234CA}
		{B2249FEF-20FF-4E0F-AEC1-6A6A5868D2C2} = {7C8076D0-CCD7-4962-8903-6162BF562D04}
		{F6357449-D17D-4639-9BBF-85F8DC617E3D} = {7C8076D0-CCD7-4962-8903-6162BF562D04}
		{C633DC2A-1A15-431F-84F0-8775431FE7DF} = {7C8076D0-CCD7-4962-8903-6162BF562D04}
		{F1E2804D-CDD7-4607-9DC7-B6E83F42DD4D} = {7C8076D0-CCD7-4962-8903-6162BF562D04}
		{8B690452-9F9B-4079-A740-84A3FF15D4E5} = {7C8076D0-CCD7-4962-8903-6162BF562D04}
		{5D8D0E03-ECA7-4D55-8BB9-36716284AC08} = {7C8076D0-CCD7-4962-8903-6162BF562D04}
		{2D4BFF2B-2968-496C-A8D4-DC93CEE6FA64} = {52D5C8EC-28EB-4D67-8D87-937670D566C9}
		{4D079603-C76E-11F4-F2D6-9A2214565991} = {E5BF07DC-D8DB-4889-9B0F-0A7D6E66A5E9}
		{02EA681E-C7D8-13C7-8484-4AC65E1B71E8} = {85B44430-B352-4ACC-B575-19F9D0D234CA}
		{DBD5B2CD-A5FF-A67D-C08A-B410D9103E16} = {02EA681E-C7D8-13C7-8484-4AC65E1B71E8}
		{EFB8BF8D-DAA3-0E62-A557-4F0483FFC18B} = {02EA681E-C7D8-13C7-8484-4AC65E1B71E8}
		{D03DDC77-98C8-6C64-5564-1BAE49B0BBEB} = {02EA681E-C7D8-13C7-8484-4AC65E1B71E8}
		{0079B2EF-B6AA-84E8-37A7-0A73F9650688} = {02EA681E-C7D8-13C7-8484-4AC65E1B71E8}
	EndGlobalSection
	GlobalSection(ExtensibilityGlobals) = postSolution
		SolutionGuid = {E72EFC43-F6E2-4C1D-866A-FE394169D9AE}
	EndGlobalSection
EndGlobal
